
Microsoft Visual Studio Solution File, Format Version 12.00
# Visual Studio 2012
Project("{FAE04EC0-301F-11D3-BF4B-00C04F79EFBC}") = "ProyectoCIC.Android", "ProyectoCIC.Android\ProyectoCIC.Android.csproj", "{69A33929-63B6-42C8-B51A-0E2827AC1962}"
EndProject
Project("{FAE04EC0-301F-11D3-BF4B-00C04F79EFBC}") = "ProyectoCIC.iOS", "ProyectoCIC.iOS\ProyectoCIC.iOS.csproj", "{239E59F8-D592-4684-A677-4D3893BA616E}"
EndProject
Project("{FAE04EC0-301F-11D3-BF4B-00C04F79EFBC}") = "ProyectoCIC", "ProyectoCIC\ProyectoCIC.csproj", "{4061A131-7933-44BD-8E95-8EEFA29BF1C8}"
EndProject
Global
	GlobalSection(SolutionConfigurationPlatforms) = preSolution
		Debug|Any CPU = Debug|Any CPU
		Release|Any CPU = Release|Any CPU
		Debug|iPhoneSimulator = Debug|iPhoneSimulator
		Release|iPhoneSimulator = Release|iPhoneSimulator
		Debug|iPhone = Debug|iPhone
		Release|iPhone = Release|iPhone
		Ad-Hoc|iPhone = Ad-Hoc|iPhone
		AppStore|iPhone = AppStore|iPhone
	EndGlobalSection
	GlobalSection(ProjectConfigurationPlatforms) = postSolution
		{69A33929-63B6-42C8-B51A-0E2827AC1962}.Debug|Any CPU.ActiveCfg = Debug|Any CPU
		{69A33929-63B6-42C8-B51A-0E2827AC1962}.Debug|Any CPU.Build.0 = Debug|Any CPU
		{69A33929-63B6-42C8-B51A-0E2827AC1962}.Release|Any CPU.ActiveCfg = Release|Any CPU
		{69A33929-63B6-42C8-B51A-0E2827AC1962}.Release|Any CPU.Build.0 = Release|Any CPU
		{69A33929-63B6-42C8-B51A-0E2827AC1962}.Debug|iPhoneSimulator.ActiveCfg = Debug|Any CPU
		{69A33929-63B6-42C8-B51A-0E2827AC1962}.Debug|iPhoneSimulator.Build.0 = Debug|Any CPU
		{69A33929-63B6-42C8-B51A-0E2827AC1962}.Release|iPhoneSimulator.ActiveCfg = Release|Any CPU
		{69A33929-63B6-42C8-B51A-0E2827AC1962}.Release|iPhoneSimulator.Build.0 = Release|Any CPU
		{69A33929-63B6-42C8-B51A-0E2827AC1962}.Debug|iPhone.ActiveCfg = Debug|Any CPU
		{69A33929-63B6-42C8-B51A-0E2827AC1962}.Debug|iPhone.Build.0 = Debug|Any CPU
		{69A33929-63B6-42C8-B51A-0E2827AC1962}.Release|iPhone.ActiveCfg = Release|Any CPU
		{69A33929-63B6-42C8-B51A-0E2827AC1962}.Release|iPhone.Build.0 = Release|Any CPU
		{69A33929-63B6-42C8-B51A-0E2827AC1962}.Ad-Hoc|iPhone.ActiveCfg = Debug|Any CPU
		{69A33929-63B6-42C8-B51A-0E2827AC1962}.Ad-Hoc|iPhone.Build.0 = Debug|Any CPU
		{69A33929-63B6-42C8-B51A-0E2827AC1962}.AppStore|iPhone.ActiveCfg = Debug|Any CPU
		{69A33929-63B6-42C8-B51A-0E2827AC1962}.AppStore|iPhone.Build.0 = Debug|Any CPU
		{239E59F8-D592-4684-A677-4D3893BA616E}.Debug|Any CPU.ActiveCfg = Debug|iPhoneSimulator
		{239E59F8-D592-4684-A677-4D3893BA616E}.Debug|Any CPU.Build.0 = Debug|iPhoneSimulator
		{239E59F8-D592-4684-A677-4D3893BA616E}.Release|Any CPU.ActiveCfg = Release|iPhoneSimulator
		{239E59F8-D592-4684-A677-4D3893BA616E}.Release|Any CPU.Build.0 = Release|iPhoneSimulator
		{239E59F8-D592-4684-A677-4D3893BA616E}.Debug|iPhoneSimulator.ActiveCfg = Debug|iPhoneSimulator
		{239E59F8-D592-4684-A677-4D3893BA616E}.Debug|iPhoneSimulator.Build.0 = Debug|iPhoneSimulator
		{239E59F8-D592-4684-A677-4D3893BA616E}.Release|iPhoneSimulator.ActiveCfg = Release|iPhoneSimulator
		{239E59F8-D592-4684-A677-4D3893BA616E}.Release|iPhoneSimulator.Build.0 = Release|iPhoneSimulator
		{239E59F8-D592-4684-A677-4D3893BA616E}.Debug|iPhone.ActiveCfg = Debug|iPhone
		{239E59F8-D592-4684-A677-4D3893BA616E}.Debug|iPhone.Build.0 = Debug|iPhone
		{239E59F8-D592-4684-A677-4D3893BA616E}.Release|iPhone.ActiveCfg = Release|iPhone
		{239E59F8-D592-4684-A677-4D3893BA616E}.Release|iPhone.Build.0 = Release|iPhone
		{239E59F8-D592-4684-A677-4D3893BA616E}.Ad-Hoc|iPhone.ActiveCfg = Ad-Hoc|iPhone
		{239E59F8-D592-4684-A677-4D3893BA616E}.Ad-Hoc|iPhone.Build.0 = Ad-Hoc|iPhone
		{239E59F8-D592-4684-A677-4D3893BA616E}.AppStore|iPhone.ActiveCfg = AppStore|iPhone
		{239E59F8-D592-4684-A677-4D3893BA616E}.AppStore|iPhone.Build.0 = AppStore|iPhone
		{4061A131-7933-44BD-8E95-8EEFA29BF1C8}.Debug|Any CPU.ActiveCfg = Debug|Any CPU
		{4061A131-7933-44BD-8E95-8EEFA29BF1C8}.Debug|Any CPU.Build.0 = Debug|Any CPU
		{4061A131-7933-44BD-8E95-8EEFA29BF1C8}.Release|Any CPU.ActiveCfg = Release|Any CPU
		{4061A131-7933-44BD-8E95-8EEFA29BF1C8}.Release|Any CPU.Build.0 = Release|Any CPU
		{4061A131-7933-44BD-8E95-8EEFA29BF1C8}.Debug|iPhoneSimulator.ActiveCfg = Debug|Any CPU
		{4061A131-7933-44BD-8E95-8EEFA29BF1C8}.Debug|iPhoneSimulator.Build.0 = Debug|Any CPU
		{4061A131-7933-44BD-8E95-8EEFA29BF1C8}.Release|iPhoneSimulator.ActiveCfg = Release|Any CPU
		{4061A131-7933-44BD-8E95-8EEFA29BF1C8}.Release|iPhoneSimulator.Build.0 = Release|Any CPU
		{4061A131-7933-44BD-8E95-8EEFA29BF1C8}.Debug|iPhone.ActiveCfg = Debug|Any CPU
		{4061A131-7933-44BD-8E95-8EEFA29BF1C8}.Debug|iPhone.Build.0 = Debug|Any CPU
		{4061A131-7933-44BD-8E95-8EEFA29BF1C8}.Release|iPhone.ActiveCfg = Release|Any CPU
		{4061A131-7933-44BD-8E95-8EEFA29BF1C8}.Release|iPhone.Build.0 = Release|Any CPU
		{4061A131-7933-44BD-8E95-8EEFA29BF1C8}.Ad-Hoc|iPhone.ActiveCfg = Debug|Any CPU
		{4061A131-7933-44BD-8E95-8EEFA29BF1C8}.Ad-Hoc|iPhone.Build.0 = Debug|Any CPU
		{4061A131-7933-44BD-8E95-8EEFA29BF1C8}.AppStore|iPhone.ActiveCfg = Debug|Any CPU
		{4061A131-7933-44BD-8E95-8EEFA29BF1C8}.AppStore|iPhone.Build.0 = Debug|Any CPU
	EndGlobalSection
EndGlobal
